
Microsoft Visual Studio Solution File, Format Version 12.00
# Visual Studio 15
Project("{FAE04EC0-301F-11D3-BF4B-00C04F79EFBC}") = "MoneyTree", "MoneyTree.csproj", "{95C1E0C8-ACEE-473C-8211-D81F9DD0047D}"
EndProject
Global
	GlobalSection(SolutionConfigurationPlatforms) = preSolution
		Debug|Any CPU = Debug|Any CPU
		Release|Any CPU = Release|Any CPU
	EndGlobalSection
	GlobalSection(ProjectConfigurationPlatforms) = postSolution
		{95C1E0C8-ACEE-473C-8211-D81F9DD0047D}.Debug|Any CPU.ActiveCfg = Debug|Any CPU
		{95C1E0C8-ACEE-473C-8211-D81F9DD0047D}.Debug|Any CPU.Build.0 = Debug|Any CPU
		{95C1E0C8-ACEE-473C-8211-D81F9DD0047D}.Release|Any CPU.ActiveCfg = Release|Any CPU
		{95C1E0C8-ACEE-473C-8211-D81F9DD0047D}.Release|Any CPU.Build.0 = Release|Any CPU
	EndGlobalSection
EndGlobal
